
Microsoft Visual Studio Solution File, Format Version 12.00
# Visual Studio Version 17
VisualStudioVersion = 17.10.35013.160
MinimumVisualStudioVersion = 10.0.40219.1
Project("{9A19103F-16F7-4668-BE54-9A1E7A4F7556}") = "JobmoonApp.Server", "JobmoonApp\Server\JobmoonApp.Server.csproj", "{16DEA310-2792-4E3C-9EEF-83F56ABD1D4E}"
EndProject
Project("{9A19103F-16F7-4668-BE54-9A1E7A4F7556}") = "JobmoonApp.Client", "JobmoonApp\Client\JobmoonApp.Client.csproj", "{ADEACC94-263D-4D97-834F-17287C18944C}"
EndProject
Project("{9A19103F-16F7-4668-BE54-9A1E7A4F7556}") = "JobmoonApp.Shared", "JobmoonApp\Shared\JobmoonApp.Shared.csproj", "{76E51CE5-971B-4A87-9BCE-7563697EAD14}"
EndProject
Global
	GlobalSection(SolutionConfigurationPlatforms) = preSolution
		Debug|Any CPU = Debug|Any CPU
		Release|Any CPU = Release|Any CPU
	EndGlobalSection
	GlobalSection(ProjectConfigurationPlatforms) = postSolution
		{16DEA310-2792-4E3C-9EEF-83F56ABD1D4E}.Debug|Any CPU.ActiveCfg = Debug|Any CPU
		{16DEA310-2792-4E3C-9EEF-83F56ABD1D4E}.Debug|Any CPU.Build.0 = Debug|Any CPU
		{16DEA310-2792-4E3C-9EEF-83F56ABD1D4E}.Release|Any CPU.ActiveCfg = Release|Any CPU
		{16DEA310-2792-4E3C-9EEF-83F56ABD1D4E}.Release|Any CPU.Build.0 = Release|Any CPU
		{ADEACC94-263D-4D97-834F-17287C18944C}.Debug|Any CPU.ActiveCfg = Debug|Any CPU
		{ADEACC94-263D-4D97-834F-17287C18944C}.Debug|Any CPU.Build.0 = Debug|Any CPU
		{ADEACC94-263D-4D97-834F-17287C18944C}.Release|Any CPU.ActiveCfg = Release|Any CPU
		{ADEACC94-263D-4D97-834F-17287C18944C}.Release|Any CPU.Build.0 = Release|Any CPU
		{76E51CE5-971B-4A87-9BCE-7563697EAD14}.Debug|Any CPU.ActiveCfg = Debug|Any CPU
		{76E51CE5-971B-4A87-9BCE-7563697EAD14}.Debug|Any CPU.Build.0 = Debug|Any CPU
		{76E51CE5-971B-4A87-9BCE-7563697EAD14}.Release|Any CPU.ActiveCfg = Release|Any CPU
		{76E51CE5-971B-4A87-9BCE-7563697EAD14}.Release|Any CPU.Build.0 = Release|Any CPU
	EndGlobalSection
	GlobalSection(SolutionProperties) = preSolution
		HideSolutionNode = FALSE
	EndGlobalSection
	GlobalSection(ExtensibilityGlobals) = postSolution
		SolutionGuid = {D8E08589-0752-4B80-AFB3-3FD143312588}
	EndGlobalSection
EndGlobal
